
Microsoft Visual Studio Solution File, Format Version 12.00
# Visual Studio Version 16
VisualStudioVersion = 16.0.30225.117
MinimumVisualStudioVersion = 10.0.40219.1
Project("{8BC9CEB8-8B4A-11D0-8D11-00A0C91BC942}") = "group_manager withTempatelFunction", "group_manager withTempatelFunction\group_manager withTempatelFunction.vcxproj", "{1D13034B-C284-4669-99AF-74DB51F68B56}"
EndProject
Global
	GlobalSection(SolutionConfigurationPlatforms) = preSolution
		Debug|x64 = Debug|x64
		Debug|x86 = Debug|x86
		Release|x64 = Release|x64
		Release|x86 = Release|x86
	EndGlobalSection
	GlobalSection(ProjectConfigurationPlatforms) = postSolution
		{1D13034B-C284-4669-99AF-74DB51F68B56}.Debug|x64.ActiveCfg = Debug|x64
		{1D13034B-C284-4669-99AF-74DB51F68B56}.Debug|x64.Build.0 = Debug|x64
		{1D13034B-C284-4669-99AF-74DB51F68B56}.Debug|x86.ActiveCfg = Debug|Win32
		{1D13034B-C284-4669-99AF-74DB51F68B56}.Debug|x86.Build.0 = Debug|Win32
		{1D13034B-C284-4669-99AF-74DB51F68B56}.Release|x64.ActiveCfg = Release|x64
		{1D13034B-C284-4669-99AF-74DB51F68B56}.Release|x64.Build.0 = Release|x64
		{1D13034B-C284-4669-99AF-74DB51F68B56}.Release|x86.ActiveCfg = Release|Win32
		{1D13034B-C284-4669-99AF-74DB51F68B56}.Release|x86.Build.0 = Release|Win32
	EndGlobalSection
	GlobalSection(SolutionProperties) = preSolution
		HideSolutionNode = FALSE
	EndGlobalSection
	GlobalSection(ExtensibilityGlobals) = postSolution
		SolutionGuid = {D06D12B2-54E6-4709-953A-5B6A9EBCC0F7}
	EndGlobalSection
EndGlobal
